{
  "pins" : [
    {
      "identity" : "additive",
      "kind" : "remoteSourceControl",
      "location" : "http://pubgi.fanapsoft.ir/chat/ios/additive.git",
      "state" : {
        "revision" : "c708de52912c7800fa9fabbaa1157c706713888e",
        "version" : "1.0.1"
      }
    },
    {
      "identity" : "logger",
      "kind" : "remoteSourceControl",
      "location" : "http://pubgi.fanapsoft.ir/chat/ios/logger.git",
      "state" : {
        "revision" : "2ede91966eadf325268e88ba56b4dd6f448ba7c7",
        "version" : "1.0.2"
      }
    },
    {
      "identity" : "starscream",
      "kind" : "remoteSourceControl",
      "location" : "https://github.com/daltoniam/Starscream.git",
      "state" : {
        "revision" : "e6b65c6d9077ea48b4a7bdda8994a1d3c6969c8d",
        "version" : "3.1.1"
      }
    },
    {
      "identity" : "swift-docc-plugin",
      "kind" : "remoteSourceControl",
      "location" : "https://github.com/apple/swift-docc-plugin",
      "state" : {
        "branch" : "main",
        "revision" : "6a6577adb48651a1ca7dee6861c894ee6ca66021"
      }
    },
    {
      "identity" : "swift-docc-symbolkit",
      "kind" : "remoteSourceControl",
      "location" : "https://github.com/apple/swift-docc-symbolkit",
      "state" : {
        "branch" : "main",
        "revision" : "b45d1f2ed151d057b54504d653e0da5552844e34"
      }
    },
    {
      "identity" : "swift-nio-zlib-support",
      "kind" : "remoteSourceControl",
      "location" : "https://github.com/apple/swift-nio-zlib-support.git",
      "state" : {
        "revision" : "37760e9a52030bb9011972c5213c3350fa9d41fd",
        "version" : "1.0.0"
      }
    }
  ],
  "version" : 2
}
