{
  "pins" : [
    {
      "identity" : "additive",
      "kind" : "remoteSourceControl",
      "location" : "https://pubgi.sandpod.ir/chat/ios/additive",
      "state" : {
        "revision" : "b720028de3dcc7eef166471154aeefae47e64ba5",
        "version" : "1.2.3"
      }
    },
    {
      "identity" : "logger",
      "kind" : "remoteSourceControl",
      "location" : "https://pubgi.sandpod.ir/chat/ios/logger",
      "state" : {
        "revision" : "abd73d1cedcbc70a2cd66e997376ea036eee69c9",
        "version" : "1.2.3"
      }
    },
    {
      "identity" : "mocks",
      "kind" : "remoteSourceControl",
      "location" : "https://pubgi.sandpod.ir/chat/ios/mocks",
      "state" : {
        "revision" : "7ae7a47e5962b02b3c6e64207d6f8a6c0400700f",
        "version" : "1.2.4"
      }
    },
    {
      "identity" : "starscream",
      "kind" : "remoteSourceControl",
      "location" : "https://github.com/daltoniam/Starscream.git",
      "state" : {
        "revision" : "e6b65c6d9077ea48b4a7bdda8994a1d3c6969c8d",
        "version" : "3.1.1"
      }
    },
    {
      "identity" : "swift-docc-plugin",
      "kind" : "remoteSourceControl",
      "location" : "https://github.com/apple/swift-docc-plugin",
      "state" : {
        "branch" : "main",
        "revision" : "6a6577adb48651a1ca7dee6861c894ee6ca66021"
      }
    },
    {
      "identity" : "swift-docc-symbolkit",
      "kind" : "remoteSourceControl",
      "location" : "https://github.com/apple/swift-docc-symbolkit",
      "state" : {
        "branch" : "main",
        "revision" : "b45d1f2ed151d057b54504d653e0da5552844e34"
      }
    },
    {
      "identity" : "swift-nio-zlib-support",
      "kind" : "remoteSourceControl",
      "location" : "https://github.com/apple/swift-nio-zlib-support.git",
      "state" : {
        "revision" : "37760e9a52030bb9011972c5213c3350fa9d41fd",
        "version" : "1.0.0"
      }
    }
  ],
  "version" : 2
}
